Microsoft Visual Studio Solution File, Format Version 12.00
# Visual Studio Version 17
VisualStudioVersion = 17.5.2.0
MinimumVisualStudioVersion = 10.0.40219.1
Project("{FAE04EC0-301F-11D3-BF4B-00C04F79EFBC}") = "ClaudeUsageTray", "ClaudeUsageTray\ClaudeUsageTray.csproj", "{4C6016E2-E4B6-1858-60B2-16DBB8D05C51}"
EndProject
Project("{FAE04EC0-301F-11D3-BF4B-00C04F79EFBC}") = "ClaudeUsageTray.Tests", "ClaudeUsageTray.Tests\ClaudeUsageTray.Tests.csproj", "{1A21E224-2A92-69F1-3E76-4AE0D3E24FB1}"
EndProject
Project("{FAE04EC0-301F-11D3-BF4B-00C04F79EFBC}") = "ClaudeUsageTray.Updater", "ClaudeUsageTray.Updater\ClaudeUsageTray.Updater.csproj", "{3025EABB-3A5D-3FCD-A7CF-0CA3B20447A7}"
EndProject
Global
	GlobalSection(SolutionConfigurationPlatforms) = preSolution
		Debug|Any CPU = Debug|Any CPU
		Release|Any CPU = Release|Any CPU
	EndGlobalSection
	GlobalSection(ProjectConfigurationPlatforms) = postSolution
		{4C6016E2-E4B6-1858-60B2-16DBB8D05C51}.Debug|Any CPU.ActiveCfg = Debug|Any CPU
		{4C6016E2-E4B6-1858-60B2-16DBB8D05C51}.Debug|Any CPU.Build.0 = Debug|Any CPU
		{4C6016E2-E4B6-1858-60B2-16DBB8D05C51}.Release|Any CPU.ActiveCfg = Release|Any CPU
		{4C6016E2-E4B6-1858-60B2-16DBB8D05C51}.Release|Any CPU.Build.0 = Release|Any CPU
		{1A21E224-2A92-69F1-3E76-4AE0D3E24FB1}.Debug|Any CPU.ActiveCfg = Debug|Any CPU
		{1A21E224-2A92-69F1-3E76-4AE0D3E24FB1}.Debug|Any CPU.Build.0 = Debug|Any CPU
		{1A21E224-2A92-69F1-3E76-4AE0D3E24FB1}.Release|Any CPU.ActiveCfg = Release|Any CPU
		{1A21E224-2A92-69F1-3E76-4AE0D3E24FB1}.Release|Any CPU.Build.0 = Release|Any CPU
		{3025EABB-3A5D-3FCD-A7CF-0CA3B20447A7}.Debug|Any CPU.ActiveCfg = Debug|Any CPU
		{3025EABB-3A5D-3FCD-A7CF-0CA3B20447A7}.Debug|Any CPU.Build.0 = Debug|Any CPU
		{3025EABB-3A5D-3FCD-A7CF-0CA3B20447A7}.Release|Any CPU.ActiveCfg = Release|Any CPU
		{3025EABB-3A5D-3FCD-A7CF-0CA3B20447A7}.Release|Any CPU.Build.0 = Release|Any CPU
	EndGlobalSection
	GlobalSection(SolutionProperties) = preSolution
		HideSolutionNode = FALSE
	EndGlobalSection
	GlobalSection(ExtensibilityGlobals) = postSolution
		SolutionGuid = {324C8339-D1B1-4C66-A555-38287D293249}
	EndGlobalSection
EndGlobal
