
Microsoft Visual Studio Solution File, Format Version 12.00
# Visual Studio Version 17
VisualStudioVersion = 17.0.31903.59
MinimumVisualStudioVersion = 10.0.40219.1
Project("{FAE04EC0-301F-11D3-BF4B-00C04F79EFBC}") = "ClaudeUsageTray", "ClaudeUsageTray.csproj", "{99E1C7D2-55B9-4B76-8882-B176DDE185DD}"
EndProject
Project("{FAE04EC0-301F-11D3-BF4B-00C04F79EFBC}") = "ClaudeUsageTray.Tests", "ClaudeUsageTray.Tests\ClaudeUsageTray.Tests.csproj", "{1B01DA0E-50C9-483A-B964-432547B8ED79}"
EndProject
Global
	GlobalSection(SolutionConfigurationPlatforms) = preSolution
		Debug|Any CPU = Debug|Any CPU
		Debug|x64 = Debug|x64
		Debug|x86 = Debug|x86
		Release|Any CPU = Release|Any CPU
		Release|x64 = Release|x64
		Release|x86 = Release|x86
	EndGlobalSection
	GlobalSection(ProjectConfigurationPlatforms) = postSolution
		{99E1C7D2-55B9-4B76-8882-B176DDE185DD}.Debug|Any CPU.ActiveCfg = Debug|Any CPU
		{99E1C7D2-55B9-4B76-8882-B176DDE185DD}.Debug|Any CPU.Build.0 = Debug|Any CPU
		{99E1C7D2-55B9-4B76-8882-B176DDE185DD}.Debug|x64.ActiveCfg = Debug|Any CPU
		{99E1C7D2-55B9-4B76-8882-B176DDE185DD}.Debug|x64.Build.0 = Debug|Any CPU
		{99E1C7D2-55B9-4B76-8882-B176DDE185DD}.Debug|x86.ActiveCfg = Debug|Any CPU
		{99E1C7D2-55B9-4B76-8882-B176DDE185DD}.Debug|x86.Build.0 = Debug|Any CPU
		{99E1C7D2-55B9-4B76-8882-B176DDE185DD}.Release|Any CPU.ActiveCfg = Release|Any CPU
		{99E1C7D2-55B9-4B76-8882-B176DDE185DD}.Release|Any CPU.Build.0 = Release|Any CPU
		{99E1C7D2-55B9-4B76-8882-B176DDE185DD}.Release|x64.ActiveCfg = Release|Any CPU
		{99E1C7D2-55B9-4B76-8882-B176DDE185DD}.Release|x64.Build.0 = Release|Any CPU
		{99E1C7D2-55B9-4B76-8882-B176DDE185DD}.Release|x86.ActiveCfg = Release|Any CPU
		{99E1C7D2-55B9-4B76-8882-B176DDE185DD}.Release|x86.Build.0 = Release|Any CPU
		{1B01DA0E-50C9-483A-B964-432547B8ED79}.Debug|Any CPU.ActiveCfg = Debug|Any CPU
		{1B01DA0E-50C9-483A-B964-432547B8ED79}.Debug|Any CPU.Build.0 = Debug|Any CPU
		{1B01DA0E-50C9-483A-B964-432547B8ED79}.Debug|x64.ActiveCfg = Debug|Any CPU
		{1B01DA0E-50C9-483A-B964-432547B8ED79}.Debug|x64.Build.0 = Debug|Any CPU
		{1B01DA0E-50C9-483A-B964-432547B8ED79}.Debug|x86.ActiveCfg = Debug|Any CPU
		{1B01DA0E-50C9-483A-B964-432547B8ED79}.Debug|x86.Build.0 = Debug|Any CPU
		{1B01DA0E-50C9-483A-B964-432547B8ED79}.Release|Any CPU.ActiveCfg = Release|Any CPU
		{1B01DA0E-50C9-483A-B964-432547B8ED79}.Release|Any CPU.Build.0 = Release|Any CPU
		{1B01DA0E-50C9-483A-B964-432547B8ED79}.Release|x64.ActiveCfg = Release|Any CPU
		{1B01DA0E-50C9-483A-B964-432547B8ED79}.Release|x64.Build.0 = Release|Any CPU
		{1B01DA0E-50C9-483A-B964-432547B8ED79}.Release|x86.ActiveCfg = Release|Any CPU
		{1B01DA0E-50C9-483A-B964-432547B8ED79}.Release|x86.Build.0 = Release|Any CPU
	EndGlobalSection
	GlobalSection(SolutionProperties) = preSolution
		HideSolutionNode = FALSE
	EndGlobalSection
EndGlobal
